
Microsoft Visual Studio Solution File, Format Version 12.00
# Visual Studio Version 17
VisualStudioVersion = 17.1.32421.90
MinimumVisualStudioVersion = 10.0.40219.1
Project("{9A19103F-16F7-4668-BE54-9A1E7A4F7556}") = "wujasanator", "wujasanator\wujasanator.csproj", "{21900D26-BA38-4641-A9B5-86BCEB8307F2}"
EndProject
Project("{9A19103F-16F7-4668-BE54-9A1E7A4F7556}") = "WujasApi", "..\WujasApi\WujasApi\WujasApi.csproj", "{5F045998-65A3-48C3-9DC5-61400F4A0B2D}"
EndProject
Global
	GlobalSection(SolutionConfigurationPlatforms) = preSolution
		Debug|Any CPU = Debug|Any CPU
		Release|Any CPU = Release|Any CPU
	EndGlobalSection
	GlobalSection(ProjectConfigurationPlatforms) = postSolution
		{21900D26-BA38-4641-A9B5-86BCEB8307F2}.Debug|Any CPU.ActiveCfg = Debug|Any CPU
		{21900D26-BA38-4641-A9B5-86BCEB8307F2}.Debug|Any CPU.Build.0 = Debug|Any CPU
		{21900D26-BA38-4641-A9B5-86BCEB8307F2}.Release|Any CPU.ActiveCfg = Release|Any CPU
		{21900D26-BA38-4641-A9B5-86BCEB8307F2}.Release|Any CPU.Build.0 = Release|Any CPU
		{5F045998-65A3-48C3-9DC5-61400F4A0B2D}.Debug|Any CPU.ActiveCfg = Debug|Any CPU
		{5F045998-65A3-48C3-9DC5-61400F4A0B2D}.Debug|Any CPU.Build.0 = Debug|Any CPU
		{5F045998-65A3-48C3-9DC5-61400F4A0B2D}.Release|Any CPU.ActiveCfg = Release|Any CPU
		{5F045998-65A3-48C3-9DC5-61400F4A0B2D}.Release|Any CPU.Build.0 = Release|Any CPU
	EndGlobalSection
	GlobalSection(SolutionProperties) = preSolution
		HideSolutionNode = FALSE
	EndGlobalSection
	GlobalSection(ExtensibilityGlobals) = postSolution
		SolutionGuid = {05DB3633-3D96-4189-AFF9-BF54FE4D8BC8}
	EndGlobalSection
EndGlobal
